
Microsoft Visual Studio Solution File, Format Version 12.00
# Visual Studio Version 16
VisualStudioVersion = 16.0.30907.101
MinimumVisualStudioVersion = 10.0.40219.1
Project("{FAE04EC0-301F-11D3-BF4B-00C04F79EFBC}") = "DataAccess", "DataAccess\DataAccess.csproj", "{7A161656-6DD0-466B-8297-4FD3F1C9ABBB}"
EndProject
Project("{FAE04EC0-301F-11D3-BF4B-00C04F79EFBC}") = "Business", "Business\Business.csproj", "{FCC2E59E-D4F1-459C-9E95-050C7B6A0A60}"
EndProject
Project("{FAE04EC0-301F-11D3-BF4B-00C04F79EFBC}") = "Entities", "Entities\Entities.csproj", "{842DF054-7DB1-4855-B9A8-BC0AA30A3ED9}"
EndProject
Project("{FAE04EC0-301F-11D3-BF4B-00C04F79EFBC}") = "ConsoleUI", "ConsoleUI\ConsoleUI.csproj", "{1264A6CF-23F3-449D-BD8D-F58850844667}"
EndProject
Global
	GlobalSection(SolutionConfigurationPlatforms) = preSolution
		Debug|Any CPU = Debug|Any CPU
		Release|Any CPU = Release|Any CPU
	EndGlobalSection
	GlobalSection(ProjectConfigurationPlatforms) = postSolution
		{7A161656-6DD0-466B-8297-4FD3F1C9ABBB}.Debug|Any CPU.ActiveCfg = Debug|Any CPU
		{7A161656-6DD0-466B-8297-4FD3F1C9ABBB}.Debug|Any CPU.Build.0 = Debug|Any CPU
		{7A161656-6DD0-466B-8297-4FD3F1C9ABBB}.Release|Any CPU.ActiveCfg = Release|Any CPU
		{7A161656-6DD0-466B-8297-4FD3F1C9ABBB}.Release|Any CPU.Build.0 = Release|Any CPU
		{FCC2E59E-D4F1-459C-9E95-050C7B6A0A60}.Debug|Any CPU.ActiveCfg = Debug|Any CPU
		{FCC2E59E-D4F1-459C-9E95-050C7B6A0A60}.Debug|Any CPU.Build.0 = Debug|Any CPU
		{FCC2E59E-D4F1-459C-9E95-050C7B6A0A60}.Release|Any CPU.ActiveCfg = Release|Any CPU
		{FCC2E59E-D4F1-459C-9E95-050C7B6A0A60}.Release|Any CPU.Build.0 = Release|Any CPU
		{842DF054-7DB1-4855-B9A8-BC0AA30A3ED9}.Debug|Any CPU.ActiveCfg = Debug|Any CPU
		{842DF054-7DB1-4855-B9A8-BC0AA30A3ED9}.Debug|Any CPU.Build.0 = Debug|Any CPU
		{842DF054-7DB1-4855-B9A8-BC0AA30A3ED9}.Release|Any CPU.ActiveCfg = Release|Any CPU
		{842DF054-7DB1-4855-B9A8-BC0AA30A3ED9}.Release|Any CPU.Build.0 = Release|Any CPU
		{1264A6CF-23F3-449D-BD8D-F58850844667}.Debug|Any CPU.ActiveCfg = Debug|Any CPU
		{1264A6CF-23F3-449D-BD8D-F58850844667}.Debug|Any CPU.Build.0 = Debug|Any CPU
		{1264A6CF-23F3-449D-BD8D-F58850844667}.Release|Any CPU.ActiveCfg = Release|Any CPU
		{1264A6CF-23F3-449D-BD8D-F58850844667}.Release|Any CPU.Build.0 = Release|Any CPU
	EndGlobalSection
	GlobalSection(SolutionProperties) = preSolution
		HideSolutionNode = FALSE
	EndGlobalSection
	GlobalSection(ExtensibilityGlobals) = postSolution
		SolutionGuid = {1D5B176C-BBFB-4091-8E14-F96AB11A2ACC}
	EndGlobalSection
EndGlobal
